{
  "version": 4,
  "terraform_version": "0.13.0",
  "serial": 4,
  "lineage": "4ff518a7-a0ca-efa1-a41f-d804a40feb3d",
  "outputs": {},
  "resources": [
    {
      "mode": "managed",
      "type": "local_file",
      "name": "first",
      "provider": "provider[\"registry.terraform.io/hashicorp/local\"]",
      "instances": [
        {
          "schema_version": 0,
          "attributes": {
            "content": "this is my first terraform",
            "content_base64": null,
            "directory_permission": "0777",
            "file_permission": "0777",
            "filename": "/vagrant/terraform/1-basic-tf/firstfile.txt",
            "id": "ca0f45188bd168c6d8cb0a96fdf77dd8bd91ef75",
            "sensitive_content": null,
            "source": null
          },
          "private": "bnVsbA=="
        }
      ]
    }
  ]
}
